<?xml version="1.0" encoding="utf-8"?>
<Project ToolsVersion="4.0" xmlns="http://schemas.microsoft.com/developer/msbuild/2003">
  <ItemGroup>
    <Filter Include="Source Files">
      <UniqueIdentifier>{4FC737F1-C7A5-4376-A066-2A32D752A2FF}</UniqueIdentifier>
      <Extensions>cpp;c;cc;cxx;def;odl;idl;hpj;bat;asm;asmx</Extensions>
    </Filter>
    <Filter Include="Header Files">
      <UniqueIdentifier>{93995380-89BD-4b04-88EB-625FBE52EBFB}</UniqueIdentifier>
      <Extensions>h;hh;hpp;hxx;hm;inl;inc;xsd</Extensions>
    </Filter>
    <Filter Include="Resource Files">
      <UniqueIdentifier>{67DA6AB6-F800-4c08-8B7A-83BB121AAD01}</UniqueIdentifier>
      <Extensions>rc;ico;cur;bmp;dlg;rc2;rct;bin;rgs;gif;jpg;jpeg;jpe;resx;tiff;tif;png;wav;mfcribbon-ms</Extensions>
    </Filter>
    <Filter Include="Source Files\Customer">
      <UniqueIdentifier>{2c4a9309-1b4e-4115-85be-d8a0c1e66fc8}</UniqueIdentifier>
    </Filter>
  </ItemGroup>
  <ItemGroup>
    <ClInclude Include="stdafx.h">
      <Filter>Header Files</Filter>
    </ClInclude>
    <ClInclude Include="targetver.h">
      <Filter>Header Files</Filter>
    </ClInclude>
    <ClInclude Include="Customer.h">
      <Filter>Header Files</Filter>
    </ClInclude>
    <ClInclude Include="CustomerDB.h">
      <Filter>Header Files</Filter>
    </ClInclude>
    <ClInclude Include="IRP.h">
      <Filter>Header Files</Filter>
    </ClInclude>
    <ClInclude Include="Map.h">
      <Filter>Header Files</Filter>
    </ClInclude>
    <ClInclude Include="ModelBase.h">
      <Filter>Header Files</Filter>
    </ClInclude>
    <ClInclude Include="VRP.h">
      <Filter>Header Files</Filter>
    </ClInclude>
    <ClInclude Include="graphAlgorithm.h">
      <Filter>Header Files</Filter>
    </ClInclude>
    <ClInclude Include="VRPmodel.h">
      <Filter>Header Files</Filter>
    </ClInclude>
    <ClInclude Include="CustomerVRP.h">
      <Filter>Header Files</Filter>
    </ClInclude>
    <ClInclude Include="CustomerIRP.h">
      <Filter>Header Files</Filter>
    </ClInclude>
    <ClInclude Include="CustomerVRPDB.h">
      <Filter>Header Files</Filter>
    </ClInclude>
    <ClInclude Include="MapIRP.h">
      <Filter>Header Files</Filter>
    </ClInclude>
    <ClInclude Include="CustomerIRPDB.h">
      <Filter>Header Files</Filter>
    </ClInclude>
    <ClInclude Include="ModelParameters.h">
      <Filter>Header Files</Filter>
    </ClInclude>
    <ClInclude Include="Node.h">
      <Filter>Header Files</Filter>
    </ClInclude>
    <ClInclude Include="NodeStrong.h">
      <Filter>Header Files</Filter>
    </ClInclude>
    <ClInclude Include="IRPmodel.h">
      <Filter>Header Files</Filter>
    </ClInclude>
  </ItemGroup>
  <ItemGroup>
    <ClCompile Include="stdafx.cpp">
      <Filter>Source Files</Filter>
    </ClCompile>
    <ClCompile Include="IRPmodel.cpp">
      <Filter>Source Files</Filter>
    </ClCompile>
    <ClCompile Include="IRP.cpp">
      <Filter>Source Files</Filter>
    </ClCompile>
    <ClCompile Include="Map.cpp">
      <Filter>Source Files</Filter>
    </ClCompile>
    <ClCompile Include="ModelBase.cpp">
      <Filter>Source Files</Filter>
    </ClCompile>
    <ClCompile Include="graphAlgorithm.cpp">
      <Filter>Source Files</Filter>
    </ClCompile>
    <ClCompile Include="VRPmodel.cpp">
      <Filter>Source Files</Filter>
    </ClCompile>
    <ClCompile Include="MapIRP.cpp">
      <Filter>Source Files</Filter>
    </ClCompile>
    <ClCompile Include="CustomerVRPDB.cpp">
      <Filter>Source Files\Customer</Filter>
    </ClCompile>
    <ClCompile Include="CustomerDB.cpp">
      <Filter>Source Files\Customer</Filter>
    </ClCompile>
    <ClCompile Include="CustomerIRP.cpp">
      <Filter>Source Files\Customer</Filter>
    </ClCompile>
    <ClCompile Include="CustomerIRPDB.cpp">
      <Filter>Source Files\Customer</Filter>
    </ClCompile>
    <ClCompile Include="CustomerVRP.cpp">
      <Filter>Source Files\Customer</Filter>
    </ClCompile>
    <ClCompile Include="Customer.cpp">
      <Filter>Source Files\Customer</Filter>
    </ClCompile>
    <ClCompile Include="ModelParameters.cpp">
      <Filter>Source Files</Filter>
    </ClCompile>
    <ClCompile Include="Node.cpp">
      <Filter>Source Files</Filter>
    </ClCompile>
    <ClCompile Include="NodeStrong.cpp">
      <Filter>Source Files</Filter>
    </ClCompile>
  </ItemGroup>
  <ItemGroup>
    <Text Include="customerData.txt" />
  </ItemGroup>
</Project>