<?xml version="1.0" encoding="utf-8"?>
<Project ToolsVersion="4.0" xmlns="http://schemas.microsoft.com/developer/msbuild/2003">
  <ItemGroup>
    <Filter Include="Source Files">
      <UniqueIdentifier>{4FC737F1-C7A5-4376-A066-2A32D752A2FF}</UniqueIdentifier>
      <Extensions>cpp;c;cc;cxx;def;odl;idl;hpj;bat;asm;asmx</Extensions>
    </Filter>
    <Filter Include="Header Files">
      <UniqueIdentifier>{93995380-89BD-4b04-88EB-625FBE52EBFB}</UniqueIdentifier>
      <Extensions>h;hh;hpp;hxx;hm;inl;inc;xsd</Extensions>
    </Filter>
    <Filter Include="Resource Files">
      <UniqueIdentifier>{67DA6AB6-F800-4c08-8B7A-83BB121AAD01}</UniqueIdentifier>
      <Extensions>rc;ico;cur;bmp;dlg;rc2;rct;bin;rgs;gif;jpg;jpeg;jpe;resx;tiff;tif;png;wav;mfcribbon-ms</Extensions>
    </Filter>
    <Filter Include="Source Files\Node">
      <UniqueIdentifier>{c0758794-f632-45d8-bc38-d6f9a0f88646}</UniqueIdentifier>
    </Filter>
    <Filter Include="Source Files\Models">
      <UniqueIdentifier>{1654f806-66f8-4392-84b7-3ea36dc85861}</UniqueIdentifier>
    </Filter>
    <Filter Include="Header Files\Models">
      <UniqueIdentifier>{601b0a4f-c882-4c74-aeff-45aef3f6c9e6}</UniqueIdentifier>
    </Filter>
    <Filter Include="Header Files\Node">
      <UniqueIdentifier>{956914ca-08d5-48c6-8410-0718576e7995}</UniqueIdentifier>
    </Filter>
    <Filter Include="Header Files\Other">
      <UniqueIdentifier>{44c1c406-e297-43c1-aac4-1786d134aac0}</UniqueIdentifier>
    </Filter>
    <Filter Include="Source Files\Other">
      <UniqueIdentifier>{38df5f3f-04ab-4b1f-aae9-838a613a2a57}</UniqueIdentifier>
    </Filter>
  </ItemGroup>
  <ItemGroup>
    <ClInclude Include="ModelParameters.h">
      <Filter>Header Files</Filter>
    </ClInclude>
    <ClInclude Include="Node.h">
      <Filter>Header Files\Node</Filter>
    </ClInclude>
    <ClInclude Include="NodeInstance.h">
      <Filter>Header Files\Node</Filter>
    </ClInclude>
    <ClInclude Include="NodeInstanceDB.h">
      <Filter>Header Files\Node</Filter>
    </ClInclude>
    <ClInclude Include="NodeIRP.h">
      <Filter>Header Files\Node</Filter>
    </ClInclude>
    <ClInclude Include="NodeIRPHolder.h">
      <Filter>Header Files\Node</Filter>
    </ClInclude>
    <ClInclude Include="NodeStrong.h">
      <Filter>Header Files\Node</Filter>
    </ClInclude>
    <ClInclude Include="IRP.h">
      <Filter>Header Files\Models</Filter>
    </ClInclude>
    <ClInclude Include="VRPmodel.h">
      <Filter>Header Files\Models</Filter>
    </ClInclude>
    <ClInclude Include="RouteProblem.h">
      <Filter>Header Files\Models</Filter>
    </ClInclude>
    <ClInclude Include="SolutionInfo.h">
      <Filter>Header Files\Other</Filter>
    </ClInclude>
    <ClInclude Include="Route.h">
      <Filter>Header Files\Other</Filter>
    </ClInclude>
    <ClInclude Include="Solution.h">
      <Filter>Header Files\Other</Filter>
    </ClInclude>
    <ClInclude Include="Calculations.h">
      <Filter>Header Files\Other</Filter>
    </ClInclude>
    <ClInclude Include="DataSets.h">
      <Filter>Header Files\Other</Filter>
    </ClInclude>
    <ClInclude Include="graphAlgorithm.h">
      <Filter>Header Files\Other</Filter>
    </ClInclude>
    <ClInclude Include="ModelBase.h">
      <Filter>Header Files\Other</Filter>
    </ClInclude>
    <ClInclude Include="IRPmodel.h">
      <Filter>Header Files\Other</Filter>
    </ClInclude>
    <ClInclude Include="targetver.h">
      <Filter>Header Files\Other</Filter>
    </ClInclude>
    <ClInclude Include="stdafx.h">
      <Filter>Header Files\Other</Filter>
    </ClInclude>
  </ItemGroup>
  <ItemGroup>
    <ClCompile Include="IRPmodel.cpp">
      <Filter>Source Files</Filter>
    </ClCompile>
    <ClCompile Include="NodeStrong.cpp">
      <Filter>Source Files\Node</Filter>
    </ClCompile>
    <ClCompile Include="Node.cpp">
      <Filter>Source Files\Node</Filter>
    </ClCompile>
    <ClCompile Include="NodeIRP.cpp">
      <Filter>Source Files\Node</Filter>
    </ClCompile>
    <ClCompile Include="NodeInstanceDB.cpp">
      <Filter>Source Files\Node</Filter>
    </ClCompile>
    <ClCompile Include="NodeInstance.cpp">
      <Filter>Source Files\Node</Filter>
    </ClCompile>
    <ClCompile Include="RouteProblem.cpp">
      <Filter>Source Files\Models</Filter>
    </ClCompile>
    <ClCompile Include="IRP.cpp">
      <Filter>Source Files\Models</Filter>
    </ClCompile>
    <ClCompile Include="VRPmodel.cpp">
      <Filter>Source Files\Models</Filter>
    </ClCompile>
    <ClCompile Include="NodeIRPHolder.cpp">
      <Filter>Source Files\Node</Filter>
    </ClCompile>
    <ClCompile Include="SolutionInfo.cpp">
      <Filter>Source Files\Other</Filter>
    </ClCompile>
    <ClCompile Include="Route.cpp">
      <Filter>Source Files\Other</Filter>
    </ClCompile>
    <ClCompile Include="Solution.cpp">
      <Filter>Source Files\Other</Filter>
    </ClCompile>
    <ClCompile Include="ModelParameters.cpp">
      <Filter>Source Files\Other</Filter>
    </ClCompile>
    <ClCompile Include="ModelBase.cpp">
      <Filter>Source Files\Other</Filter>
    </ClCompile>
    <ClCompile Include="graphAlgorithm.cpp">
      <Filter>Source Files\Other</Filter>
    </ClCompile>
    <ClCompile Include="Calculations.cpp">
      <Filter>Source Files\Other</Filter>
    </ClCompile>
    <ClCompile Include="stdafx.cpp">
      <Filter>Source Files\Other</Filter>
    </ClCompile>
  </ItemGroup>
  <ItemGroup>
    <Text Include="customerData.txt" />
  </ItemGroup>
</Project>